
Microsoft Visual Studio Solution File, Format Version 12.00
# Visual Studio 15
VisualStudioVersion = 15.0.28010.2048
MinimumVisualStudioVersion = 10.0.40219.1
Project("{FAE04EC0-301F-11D3-BF4B-00C04F79EFBC}") = "EM.Elsukov.Web", "EM.Elsukov.Web\EM.Elsukov.Web.csproj", "{5C8DAE40-D2E2-46E3-A7D4-045A4D323269}"
EndProject
Global
	GlobalSection(SolutionConfigurationPlatforms) = preSolution
		Debug|Any CPU = Debug|Any CPU
		Release|Any CPU = Release|Any CPU
	EndGlobalSection
	GlobalSection(ProjectConfigurationPlatforms) = postSolution
		{5C8DAE40-D2E2-46E3-A7D4-045A4D323269}.Debug|Any CPU.ActiveCfg = Debug|Any CPU
		{5C8DAE40-D2E2-46E3-A7D4-045A4D323269}.Debug|Any CPU.Build.0 = Debug|Any CPU
		{5C8DAE40-D2E2-46E3-A7D4-045A4D323269}.Release|Any CPU.ActiveCfg = Release|Any CPU
		{5C8DAE40-D2E2-46E3-A7D4-045A4D323269}.Release|Any CPU.Build.0 = Release|Any CPU
	EndGlobalSection
	GlobalSection(SolutionProperties) = preSolution
		HideSolutionNode = FALSE
	EndGlobalSection
	GlobalSection(ExtensibilityGlobals) = postSolution
		SolutionGuid = {BE3D42B8-C786-4ED3-9B54-4D232F977D49}
	EndGlobalSection
EndGlobal
